
Microsoft Visual Studio Solution File, Format Version 12.00
# Visual Studio Version 16
VisualStudioVersion = 16.0.31624.102
MinimumVisualStudioVersion = 10.0.40219.1
Project("{FAE04EC0-301F-11D3-BF4B-00C04F79EFBC}") = "LOGIN_API", "LOGIN_API\LOGIN_API.csproj", "{06163905-A5EC-46A1-80AC-D35372A8BC02}"
EndProject
Global
	GlobalSection(SolutionConfigurationPlatforms) = preSolution
		Debug|Any CPU = Debug|Any CPU
		Release|Any CPU = Release|Any CPU
	EndGlobalSection
	GlobalSection(ProjectConfigurationPlatforms) = postSolution
		{06163905-A5EC-46A1-80AC-D35372A8BC02}.Debug|Any CPU.ActiveCfg = Debug|Any CPU
		{06163905-A5EC-46A1-80AC-D35372A8BC02}.Debug|Any CPU.Build.0 = Debug|Any CPU
		{06163905-A5EC-46A1-80AC-D35372A8BC02}.Release|Any CPU.ActiveCfg = Release|Any CPU
		{06163905-A5EC-46A1-80AC-D35372A8BC02}.Release|Any CPU.Build.0 = Release|Any CPU
	EndGlobalSection
	GlobalSection(SolutionProperties) = preSolution
		HideSolutionNode = FALSE
	EndGlobalSection
	GlobalSection(ExtensibilityGlobals) = postSolution
		SolutionGuid = {FA5B262B-CBC3-4D4B-B234-7A791F118AAC}
	EndGlobalSection
EndGlobal
